
Microsoft Visual Studio Solution File, Format Version 12.00
# Visual Studio Version 16
VisualStudioVersion = 16.0.31019.35
MinimumVisualStudioVersion = 10.0.40219.1
Project("{FAE04EC0-301F-11D3-BF4B-00C04F79EFBC}") = "Laba_3", "Laba_3\Laba_3.csproj", "{F7C9E770-99AC-4A56-9B08-D1D5B10F2EAE}"
EndProject
Global
	GlobalSection(SolutionConfigurationPlatforms) = preSolution
		Debug|Any CPU = Debug|Any CPU
		Release|Any CPU = Release|Any CPU
	EndGlobalSection
	GlobalSection(ProjectConfigurationPlatforms) = postSolution
		{F7C9E770-99AC-4A56-9B08-D1D5B10F2EAE}.Debug|Any CPU.ActiveCfg = Debug|Any CPU
		{F7C9E770-99AC-4A56-9B08-D1D5B10F2EAE}.Debug|Any CPU.Build.0 = Debug|Any CPU
		{F7C9E770-99AC-4A56-9B08-D1D5B10F2EAE}.Release|Any CPU.ActiveCfg = Release|Any CPU
		{F7C9E770-99AC-4A56-9B08-D1D5B10F2EAE}.Release|Any CPU.Build.0 = Release|Any CPU
	EndGlobalSection
	GlobalSection(SolutionProperties) = preSolution
		HideSolutionNode = FALSE
	EndGlobalSection
	GlobalSection(ExtensibilityGlobals) = postSolution
		SolutionGuid = {B4E80E14-2667-450E-8308-FE7F80743DF6}
	EndGlobalSection
EndGlobal
